
Microsoft Visual Studio Solution File, Format Version 12.00
# Visual Studio Version 16
VisualStudioVersion = 16.0.30611.23
MinimumVisualStudioVersion = 10.0.40219.1
Project("{FAE04EC0-301F-11D3-BF4B-00C04F79EFBC}") = "DZ cycle", "DZ cycle.csproj", "{6F5958E1-23EC-47AD-95D2-4F5F48ECA1EA}"
EndProject
Project("{FAE04EC0-301F-11D3-BF4B-00C04F79EFBC}") = "Dz cycle2", "..\Dz cycle2\Dz cycle2.csproj", "{C6B7A602-FAE9-42A9-8C9D-3B9A1AAECA73}"
EndProject
Project("{FAE04EC0-301F-11D3-BF4B-00C04F79EFBC}") = "Dz cycle3", "..\Dz cycle3\Dz cycle3.csproj", "{F198E42D-B734-4B21-89BD-E0A9197746EA}"
EndProject
Global
	GlobalSection(SolutionConfigurationPlatforms) = preSolution
		Debug|Any CPU = Debug|Any CPU
		Release|Any CPU = Release|Any CPU
	EndGlobalSection
	GlobalSection(ProjectConfigurationPlatforms) = postSolution
		{6F5958E1-23EC-47AD-95D2-4F5F48ECA1EA}.Debug|Any CPU.ActiveCfg = Debug|Any CPU
		{6F5958E1-23EC-47AD-95D2-4F5F48ECA1EA}.Debug|Any CPU.Build.0 = Debug|Any CPU
		{6F5958E1-23EC-47AD-95D2-4F5F48ECA1EA}.Release|Any CPU.ActiveCfg = Release|Any CPU
		{6F5958E1-23EC-47AD-95D2-4F5F48ECA1EA}.Release|Any CPU.Build.0 = Release|Any CPU
		{C6B7A602-FAE9-42A9-8C9D-3B9A1AAECA73}.Debug|Any CPU.ActiveCfg = Debug|Any CPU
		{C6B7A602-FAE9-42A9-8C9D-3B9A1AAECA73}.Debug|Any CPU.Build.0 = Debug|Any CPU
		{C6B7A602-FAE9-42A9-8C9D-3B9A1AAECA73}.Release|Any CPU.ActiveCfg = Release|Any CPU
		{C6B7A602-FAE9-42A9-8C9D-3B9A1AAECA73}.Release|Any CPU.Build.0 = Release|Any CPU
		{F198E42D-B734-4B21-89BD-E0A9197746EA}.Debug|Any CPU.ActiveCfg = Debug|Any CPU
		{F198E42D-B734-4B21-89BD-E0A9197746EA}.Debug|Any CPU.Build.0 = Debug|Any CPU
		{F198E42D-B734-4B21-89BD-E0A9197746EA}.Release|Any CPU.ActiveCfg = Release|Any CPU
		{F198E42D-B734-4B21-89BD-E0A9197746EA}.Release|Any CPU.Build.0 = Release|Any CPU
	EndGlobalSection
	GlobalSection(SolutionProperties) = preSolution
		HideSolutionNode = FALSE
	EndGlobalSection
	GlobalSection(ExtensibilityGlobals) = postSolution
		SolutionGuid = {B95B0DEC-780E-4914-915B-598924C5F38B}
	EndGlobalSection
EndGlobal
