
Microsoft Visual Studio Solution File, Format Version 12.00
# Visual Studio Version 16
VisualStudioVersion = 16.0.30611.23
MinimumVisualStudioVersion = 10.0.40219.1
Project("{FAE04EC0-301F-11D3-BF4B-00C04F79EFBC}") = "DZ 2Darray9", "DZ 2Darray9.csproj", "{05CA4796-032C-4076-B374-20925E8AEEE4}"
EndProject
Project("{FAE04EC0-301F-11D3-BF4B-00C04F79EFBC}") = "DZ 2Darray10", "..\DZ 2Darray10\DZ 2Darray10.csproj", "{48A5FB8C-4C92-4530-ADBD-E1E8A6DBC29D}"
EndProject
Project("{FAE04EC0-301F-11D3-BF4B-00C04F79EFBC}") = "DZ 2Darray11", "..\DZ 2Darray11\DZ 2Darray11.csproj", "{21DF013E-2089-4419-94C6-990B4DC0F0AF}"
EndProject
Project("{FAE04EC0-301F-11D3-BF4B-00C04F79EFBC}") = "DZ 2Darray12", "..\DZ 2Darray12\DZ 2Darray12.csproj", "{3BD8DF30-4457-4EE6-A29D-153231168231}"
EndProject
Project("{FAE04EC0-301F-11D3-BF4B-00C04F79EFBC}") = "DZ 2Darray13", "..\DZ 2Darray13\DZ 2Darray13.csproj", "{9E756189-24C2-4801-A5A6-FFA35CE5C7EF}"
EndProject
Global
	GlobalSection(SolutionConfigurationPlatforms) = preSolution
		Debug|Any CPU = Debug|Any CPU
		Release|Any CPU = Release|Any CPU
	EndGlobalSection
	GlobalSection(ProjectConfigurationPlatforms) = postSolution
		{05CA4796-032C-4076-B374-20925E8AEEE4}.Debug|Any CPU.ActiveCfg = Debug|Any CPU
		{05CA4796-032C-4076-B374-20925E8AEEE4}.Debug|Any CPU.Build.0 = Debug|Any CPU
		{05CA4796-032C-4076-B374-20925E8AEEE4}.Release|Any CPU.ActiveCfg = Release|Any CPU
		{05CA4796-032C-4076-B374-20925E8AEEE4}.Release|Any CPU.Build.0 = Release|Any CPU
		{48A5FB8C-4C92-4530-ADBD-E1E8A6DBC29D}.Debug|Any CPU.ActiveCfg = Debug|Any CPU
		{48A5FB8C-4C92-4530-ADBD-E1E8A6DBC29D}.Debug|Any CPU.Build.0 = Debug|Any CPU
		{48A5FB8C-4C92-4530-ADBD-E1E8A6DBC29D}.Release|Any CPU.ActiveCfg = Release|Any CPU
		{48A5FB8C-4C92-4530-ADBD-E1E8A6DBC29D}.Release|Any CPU.Build.0 = Release|Any CPU
		{21DF013E-2089-4419-94C6-990B4DC0F0AF}.Debug|Any CPU.ActiveCfg = Debug|Any CPU
		{21DF013E-2089-4419-94C6-990B4DC0F0AF}.Debug|Any CPU.Build.0 = Debug|Any CPU
		{21DF013E-2089-4419-94C6-990B4DC0F0AF}.Release|Any CPU.ActiveCfg = Release|Any CPU
		{21DF013E-2089-4419-94C6-990B4DC0F0AF}.Release|Any CPU.Build.0 = Release|Any CPU
		{3BD8DF30-4457-4EE6-A29D-153231168231}.Debug|Any CPU.ActiveCfg = Debug|Any CPU
		{3BD8DF30-4457-4EE6-A29D-153231168231}.Debug|Any CPU.Build.0 = Debug|Any CPU
		{3BD8DF30-4457-4EE6-A29D-153231168231}.Release|Any CPU.ActiveCfg = Release|Any CPU
		{3BD8DF30-4457-4EE6-A29D-153231168231}.Release|Any CPU.Build.0 = Release|Any CPU
		{9E756189-24C2-4801-A5A6-FFA35CE5C7EF}.Debug|Any CPU.ActiveCfg = Debug|Any CPU
		{9E756189-24C2-4801-A5A6-FFA35CE5C7EF}.Debug|Any CPU.Build.0 = Debug|Any CPU
		{9E756189-24C2-4801-A5A6-FFA35CE5C7EF}.Release|Any CPU.ActiveCfg = Release|Any CPU
		{9E756189-24C2-4801-A5A6-FFA35CE5C7EF}.Release|Any CPU.Build.0 = Release|Any CPU
	EndGlobalSection
	GlobalSection(SolutionProperties) = preSolution
		HideSolutionNode = FALSE
	EndGlobalSection
	GlobalSection(ExtensibilityGlobals) = postSolution
		SolutionGuid = {2EB631D5-E41D-4B4E-A5C8-E325B73F43D1}
	EndGlobalSection
EndGlobal
